
Microsoft Visual Studio Solution File, Format Version 12.00
# Visual Studio Version 16
VisualStudioVersion = 16.0.30523.141
MinimumVisualStudioVersion = 10.0.40219.1
Project("{8BC9CEB8-8B4A-11D0-8D11-00A0C91BC942}") = "Exercise01", "Exercises.vcxproj", "{89FC6BAA-E91F-4078-A1BE-5C5BD0B63512}"
EndProject
Project("{8BC9CEB8-8B4A-11D0-8D11-00A0C91BC942}") = "Exercise02", "..\Exercise02\Exercise02.vcxproj", "{040753FC-7927-46E1-BE36-CA16BF65DC81}"
EndProject
Global
	GlobalSection(SolutionConfigurationPlatforms) = preSolution
		Debug|x64 = Debug|x64
		Debug|x86 = Debug|x86
		Release|x64 = Release|x64
		Release|x86 = Release|x86
	EndGlobalSection
	GlobalSection(ProjectConfigurationPlatforms) = postSolution
		{89FC6BAA-E91F-4078-A1BE-5C5BD0B63512}.Debug|x64.ActiveCfg = Debug|x64
		{89FC6BAA-E91F-4078-A1BE-5C5BD0B63512}.Debug|x64.Build.0 = Debug|x64
		{89FC6BAA-E91F-4078-A1BE-5C5BD0B63512}.Debug|x86.ActiveCfg = Debug|Win32
		{89FC6BAA-E91F-4078-A1BE-5C5BD0B63512}.Debug|x86.Build.0 = Debug|Win32
		{89FC6BAA-E91F-4078-A1BE-5C5BD0B63512}.Release|x64.ActiveCfg = Release|x64
		{89FC6BAA-E91F-4078-A1BE-5C5BD0B63512}.Release|x64.Build.0 = Release|x64
		{89FC6BAA-E91F-4078-A1BE-5C5BD0B63512}.Release|x86.ActiveCfg = Release|Win32
		{89FC6BAA-E91F-4078-A1BE-5C5BD0B63512}.Release|x86.Build.0 = Release|Win32
		{040753FC-7927-46E1-BE36-CA16BF65DC81}.Debug|x64.ActiveCfg = Debug|x64
		{040753FC-7927-46E1-BE36-CA16BF65DC81}.Debug|x64.Build.0 = Debug|x64
		{040753FC-7927-46E1-BE36-CA16BF65DC81}.Debug|x86.ActiveCfg = Debug|Win32
		{040753FC-7927-46E1-BE36-CA16BF65DC81}.Debug|x86.Build.0 = Debug|Win32
		{040753FC-7927-46E1-BE36-CA16BF65DC81}.Release|x64.ActiveCfg = Release|x64
		{040753FC-7927-46E1-BE36-CA16BF65DC81}.Release|x64.Build.0 = Release|x64
		{040753FC-7927-46E1-BE36-CA16BF65DC81}.Release|x86.ActiveCfg = Release|Win32
		{040753FC-7927-46E1-BE36-CA16BF65DC81}.Release|x86.Build.0 = Release|Win32
	EndGlobalSection
	GlobalSection(SolutionProperties) = preSolution
		HideSolutionNode = FALSE
	EndGlobalSection
	GlobalSection(ExtensibilityGlobals) = postSolution
		SolutionGuid = {97785CC5-99E8-47FE-974C-2759CCC9CBDA}
	EndGlobalSection
EndGlobal
